// !$*UTF8*$!
{
	archiveVersion = 1;
	classes = {
	};
	objectVersion = 46;
	objects = {

/* Begin PBXBuildFile section */
		2721E3851DA2EFD400553A9A /* CheckInViewController.swift in Sources */ = {isa = PBXBuildFile; fileRef = 5EC2C7CC1DA2E8870001FF7B /* CheckInViewController.swift */; };
		2721E3861DA2F2AF00553A9A /* Main.storyboard in Resources */ = {isa = PBXBuildFile; fileRef = 5EA3D9B01D9A00A5008F3810 /* Main.storyboard */; };
		277C45511DA2C8A900B5E343 /* GoogleService-Info.plist in Resources */ = {isa = PBXBuildFile; fileRef = 277C45501DA2C8A900B5E343 /* GoogleService-Info.plist */; };
		4B2AC2EBC4992A5B1E3C2DEE /* Pods_Simpson_CodepathProjectUITests.framework in Frameworks */ = {isa = PBXBuildFile; fileRef = 0DF958FB27E008DB76B36B3C /* Pods_Simpson_CodepathProjectUITests.framework */; };
		587964F99C5AFCF2F7D42B1E /* Pods_Simpson_CodepathProjectTests.framework in Frameworks */ = {isa = PBXBuildFile; fileRef = 3998E7D1B1F2F56C05634EBB /* Pods_Simpson_CodepathProjectTests.framework */; };
		5E8DC1711D9DEB430000489E /* movieStruct.swift in Sources */ = {isa = PBXBuildFile; fileRef = 5E8DC1701D9DEB430000489E /* movieStruct.swift */; };
		5E960C311D94820000D2B77D /* Common.swift in Sources */ = {isa = PBXBuildFile; fileRef = 5E960C301D94820000D2B77D /* Common.swift */; };
		5EA3D9B11D9A00A5008F3810 /* Main.storyboard in Resources */ = {isa = PBXBuildFile; fileRef = 5EA3D9B01D9A00A5008F3810 /* Main.storyboard */; };
		5EA3D9B31D9A014B008F3810 /* MainViewController.swift in Sources */ = {isa = PBXBuildFile; fileRef = 5EA3D9B21D9A014B008F3810 /* MainViewController.swift */; };
		5EA5F7091DA46D3B0039B1B3 /* myUsers.swift in Sources */ = {isa = PBXBuildFile; fileRef = 5EA5F7081DA46D3B0039B1B3 /* myUsers.swift */; };
		5EA5F70B1DA538170039B1B3 /* FeedTableViewCell.swift in Sources */ = {isa = PBXBuildFile; fileRef = 5EA5F70A1DA538170039B1B3 /* FeedTableViewCell.swift */; };
		5EB45D611D9AE43F006B8453 /* FeedViewController.swift in Sources */ = {isa = PBXBuildFile; fileRef = 5EB45D601D9AE43F006B8453 /* FeedViewController.swift */; };
		5EB45D631D9AE97D006B8453 /* SearchViewController.swift in Sources */ = {isa = PBXBuildFile; fileRef = 5EB45D621D9AE97D006B8453 /* SearchViewController.swift */; };
		5EB45D651D9AE9C6006B8453 /* ProfileViewController.swift in Sources */ = {isa = PBXBuildFile; fileRef = 5EB45D641D9AE9C6006B8453 /* ProfileViewController.swift */; };
		5EB45D671D9AE9D8006B8453 /* MovieProfileViewController.swift in Sources */ = {isa = PBXBuildFile; fileRef = 5EB45D661D9AE9D8006B8453 /* MovieProfileViewController.swift */; };
		5EC2C7CD1DA2E8870001FF7B /* CheckInViewController.swift in Sources */ = {isa = PBXBuildFile; fileRef = 5EC2C7CC1DA2E8870001FF7B /* CheckInViewController.swift */; };
		5ED301921D9C17A900260A23 /* SearchCollectionViewCell.swift in Sources */ = {isa = PBXBuildFile; fileRef = 5ED301911D9C17A900260A23 /* SearchCollectionViewCell.swift */; };
		5EFBBB3C1D947947002D2C7C /* AppDelegate.swift in Sources */ = {isa = PBXBuildFile; fileRef = 5EFBBB3B1D947947002D2C7C /* AppDelegate.swift */; };
		5EFBBB431D947947002D2C7C /* Assets.xcassets in Resources */ = {isa = PBXBuildFile; fileRef = 5EFBBB421D947947002D2C7C /* Assets.xcassets */; };
		5EFBBB461D947947002D2C7C /* LaunchScreen.storyboard in Resources */ = {isa = PBXBuildFile; fileRef = 5EFBBB441D947947002D2C7C /* LaunchScreen.storyboard */; };
		5EFBBB511D947947002D2C7C /* Simpson_CodepathProjectTests.swift in Sources */ = {isa = PBXBuildFile; fileRef = 5EFBBB501D947947002D2C7C /* Simpson_CodepathProjectTests.swift */; };
		5EFBBB5C1D947948002D2C7C /* Simpson_CodepathProjectUITests.swift in Sources */ = {isa = PBXBuildFile; fileRef = 5EFBBB5B1D947948002D2C7C /* Simpson_CodepathProjectUITests.swift */; };
		67DB5D840E0601B20AC28C37 /* Pods_Simpson_CodepathProject.framework in Frameworks */ = {isa = PBXBuildFile; fileRef = A4C0633249802DBB38B54344 /* Pods_Simpson_CodepathProject.framework */; };
/* End PBXBuildFile section */

/* Begin PBXContainerItemProxy section */
		5EFBBB4D1D947947002D2C7C /* PBXContainerItemProxy */ = {
			isa = PBXContainerItemProxy;
			containerPortal = 5EFBBB301D947947002D2C7C /* Project object */;
			proxyType = 1;
			remoteGlobalIDString = 5EFBBB371D947947002D2C7C;
			remoteInfo = Simpson_CodepathProject;
		};
		5EFBBB581D947947002D2C7C /* PBXContainerItemProxy */ = {
			isa = PBXContainerItemProxy;
			containerPortal = 5EFBBB301D947947002D2C7C /* Project object */;
			proxyType = 1;
			remoteGlobalIDString = 5EFBBB371D947947002D2C7C;
			remoteInfo = Simpson_CodepathProject;
		};
/* End PBXContainerItemProxy section */

/* Begin PBXFileReference section */
		0DF958FB27E008DB76B36B3C /* Pods_Simpson_CodepathProjectUITests.framework */ = {isa = PBXFileReference; explicitFileType = wrapper.framework; includeInIndex = 0; path = Pods_Simpson_CodepathProjectUITests.framework; sourceTree = BUILT_PRODUCTS_DIR; };
		277C45501DA2C8A900B5E343 /* GoogleService-Info.plist */ = {isa = PBXFileReference; fileEncoding = 4; lastKnownFileType = text.plist.xml; path = "GoogleService-Info.plist"; sourceTree = "<group>"; };
		3998E7D1B1F2F56C05634EBB /* Pods_Simpson_CodepathProjectTests.framework */ = {isa = PBXFileReference; explicitFileType = wrapper.framework; includeInIndex = 0; path = Pods_Simpson_CodepathProjectTests.framework; sourceTree = BUILT_PRODUCTS_DIR; };
		5E8DC1701D9DEB430000489E /* movieStruct.swift */ = {isa = PBXFileReference; fileEncoding = 4; lastKnownFileType = sourcecode.swift; path = movieStruct.swift; sourceTree = "<group>"; };
		5E960C301D94820000D2B77D /* Common.swift */ = {isa = PBXFileReference; fileEncoding = 4; lastKnownFileType = sourcecode.swift; path = Common.swift; sourceTree = "<group>"; };
		5EA3D9B01D9A00A5008F3810 /* Main.storyboard */ = {isa = PBXFileReference; fileEncoding = 4; lastKnownFileType = file.storyboard; name = Main.storyboard; path = Simpson_CodepathProject/Main.storyboard; sourceTree = SOURCE_ROOT; };
		5EA3D9B21D9A014B008F3810 /* MainViewController.swift */ = {isa = PBXFileReference; fileEncoding = 4; lastKnownFileType = sourcecode.swift; path = MainViewController.swift; sourceTree = "<group>"; };
		5EA5F7081DA46D3B0039B1B3 /* myUsers.swift */ = {isa = PBXFileReference; fileEncoding = 4; lastKnownFileType = sourcecode.swift; path = myUsers.swift; sourceTree = "<group>"; };
		5EA5F70A1DA538170039B1B3 /* FeedTableViewCell.swift */ = {isa = PBXFileReference; fileEncoding = 4; lastKnownFileType = sourcecode.swift; path = FeedTableViewCell.swift; sourceTree = "<group>"; };
		5EB45D601D9AE43F006B8453 /* FeedViewController.swift */ = {isa = PBXFileReference; fileEncoding = 4; lastKnownFileType = sourcecode.swift; path = FeedViewController.swift; sourceTree = "<group>"; };
		5EB45D621D9AE97D006B8453 /* SearchViewController.swift */ = {isa = PBXFileReference; fileEncoding = 4; lastKnownFileType = sourcecode.swift; path = SearchViewController.swift; sourceTree = "<group>"; };
		5EB45D641D9AE9C6006B8453 /* ProfileViewController.swift */ = {isa = PBXFileReference; fileEncoding = 4; lastKnownFileType = sourcecode.swift; path = ProfileViewController.swift; sourceTree = "<group>"; };
		5EB45D661D9AE9D8006B8453 /* MovieProfileViewController.swift */ = {isa = PBXFileReference; fileEncoding = 4; lastKnownFileType = sourcecode.swift; path = MovieProfileViewController.swift; sourceTree = "<group>"; };
		5EC2C7CC1DA2E8870001FF7B /* CheckInViewController.swift */ = {isa = PBXFileReference; fileEncoding = 4; lastKnownFileType = sourcecode.swift; path = CheckInViewController.swift; sourceTree = "<group>"; };
		5ED301911D9C17A900260A23 /* SearchCollectionViewCell.swift */ = {isa = PBXFileReference; fileEncoding = 4; lastKnownFileType = sourcecode.swift; path = SearchCollectionViewCell.swift; sourceTree = "<group>"; };
		5EFBBB381D947947002D2C7C /* Simpson_CodepathProject.app */ = {isa = PBXFileReference; explicitFileType = wrapper.application; includeInIndex = 0; path = Simpson_CodepathProject.app; sourceTree = BUILT_PRODUCTS_DIR; };
		5EFBBB3B1D947947002D2C7C /* AppDelegate.swift */ = {isa = PBXFileReference; lastKnownFileType = sourcecode.swift; path = AppDelegate.swift; sourceTree = "<group>"; };
		5EFBBB421D947947002D2C7C /* Assets.xcassets */ = {isa = PBXFileReference; lastKnownFileType = folder.assetcatalog; path = Assets.xcassets; sourceTree = "<group>"; };
		5EFBBB451D947947002D2C7C /* Base */ = {isa = PBXFileReference; lastKnownFileType = file.storyboard; name = Base; path = Base.lproj/LaunchScreen.storyboard; sourceTree = "<group>"; };
		5EFBBB471D947947002D2C7C /* Info.plist */ = {isa = PBXFileReference; lastKnownFileType = text.plist.xml; path = Info.plist; sourceTree = "<group>"; };
		5EFBBB4C1D947947002D2C7C /* Simpson_CodepathProjectTests.xctest */ = {isa = PBXFileReference; explicitFileType = wrapper.cfbundle; includeInIndex = 0; path = Simpson_CodepathProjectTests.xctest; sourceTree = BUILT_PRODUCTS_DIR; };
		5EFBBB501D947947002D2C7C /* Simpson_CodepathProjectTests.swift */ = {isa = PBXFileReference; lastKnownFileType = sourcecode.swift; path = Simpson_CodepathProjectTests.swift; sourceTree = "<group>"; };
		5EFBBB521D947947002D2C7C /* Info.plist */ = {isa = PBXFileReference; lastKnownFileType = text.plist.xml; path = Info.plist; sourceTree = "<group>"; };
		5EFBBB571D947947002D2C7C /* Simpson_CodepathProjectUITests.xctest */ = {isa = PBXFileReference; explicitFileType = wrapper.cfbundle; includeInIndex = 0; path = Simpson_CodepathProjectUITests.xctest; sourceTree = BUILT_PRODUCTS_DIR; };
		5EFBBB5B1D947948002D2C7C /* Simpson_CodepathProjectUITests.swift */ = {isa = PBXFileReference; lastKnownFileType = sourcecode.swift; path = Simpson_CodepathProjectUITests.swift; sourceTree = "<group>"; };
		5EFBBB5D1D947948002D2C7C /* Info.plist */ = {isa = PBXFileReference; lastKnownFileType = text.plist.xml; path = Info.plist; sourceTree = "<group>"; };
		6DE11270155F14645F2919CA /* Pods-Simpson_CodepathProjectUITests.debug.xcconfig */ = {isa = PBXFileReference; includeInIndex = 1; lastKnownFileType = text.xcconfig; name = "Pods-Simpson_CodepathProjectUITests.debug.xcconfig"; path = "Pods/Target Support Files/Pods-Simpson_CodepathProjectUITests/Pods-Simpson_CodepathProjectUITests.debug.xcconfig"; sourceTree = "<group>"; };
		A4C0633249802DBB38B54344 /* Pods_Simpson_CodepathProject.framework */ = {isa = PBXFileReference; explicitFileType = wrapper.framework; includeInIndex = 0; path = Pods_Simpson_CodepathProject.framework; sourceTree = BUILT_PRODUCTS_DIR; };
		B126A810B4616CF9ABA58E7E /* Pods-Simpson_CodepathProject.debug.xcconfig */ = {isa = PBXFileReference; includeInIndex = 1; lastKnownFileType = text.xcconfig; name = "Pods-Simpson_CodepathProject.debug.xcconfig"; path = "Pods/Target Support Files/Pods-Simpson_CodepathProject/Pods-Simpson_CodepathProject.debug.xcconfig"; sourceTree = "<group>"; };
		D79114F73C5D7CDFFCE27AEE /* Pods-Simpson_CodepathProjectTests.debug.xcconfig */ = {isa = PBXFileReference; includeInIndex = 1; lastKnownFileType = text.xcconfig; name = "Pods-Simpson_CodepathProjectTests.debug.xcconfig"; path = "Pods/Target Support Files/Pods-Simpson_CodepathProjectTests/Pods-Simpson_CodepathProjectTests.debug.xcconfig"; sourceTree = "<group>"; };
		F0E156F4E30AF7AA7425C2EE /* Pods-Simpson_CodepathProject.release.xcconfig */ = {isa = PBXFileReference; includeInIndex = 1; lastKnownFileType = text.xcconfig; name = "Pods-Simpson_CodepathProject.release.xcconfig"; path = "Pods/Target Support Files/Pods-Simpson_CodepathProject/Pods-Simpson_CodepathProject.release.xcconfig"; sourceTree = "<group>"; };
		F6903558A489EBBA7DD62FA1 /* Pods-Simpson_CodepathProjectTests.release.xcconfig */ = {isa = PBXFileReference; includeInIndex = 1; lastKnownFileType = text.xcconfig; name = "Pods-Simpson_CodepathProjectTests.release.xcconfig"; path = "Pods/Target Support Files/Pods-Simpson_CodepathProjectTests/Pods-Simpson_CodepathProjectTests.release.xcconfig"; sourceTree = "<group>"; };
		FB93D876C03FACE373714B3A /* Pods-Simpson_CodepathProjectUITests.release.xcconfig */ = {isa = PBXFileReference; includeInIndex = 1; lastKnownFileType = text.xcconfig; name = "Pods-Simpson_CodepathProjectUITests.release.xcconfig"; path = "Pods/Target Support Files/Pods-Simpson_CodepathProjectUITests/Pods-Simpson_CodepathProjectUITests.release.xcconfig"; sourceTree = "<group>"; };
/* End PBXFileReference section */

/* Begin PBXFrameworksBuildPhase section */
		5EFBBB351D947947002D2C7C /* Frameworks */ = {
			isa = PBXFrameworksBuildPhase;
			buildActionMask = 2147483647;
			files = (
				67DB5D840E0601B20AC28C37 /* Pods_Simpson_CodepathProject.framework in Frameworks */,
			);
			runOnlyForDeploymentPostprocessing = 0;
		};
		5EFBBB491D947947002D2C7C /* Frameworks */ = {
			isa = PBXFrameworksBuildPhase;
			buildActionMask = 2147483647;
			files = (
				587964F99C5AFCF2F7D42B1E /* Pods_Simpson_CodepathProjectTests.framework in Frameworks */,
			);
			runOnlyForDeploymentPostprocessing = 0;
		};
		5EFBBB541D947947002D2C7C /* Frameworks */ = {
			isa = PBXFrameworksBuildPhase;
			buildActionMask = 2147483647;
			files = (
				4B2AC2EBC4992A5B1E3C2DEE /* Pods_Simpson_CodepathProjectUITests.framework in Frameworks */,
			);
			runOnlyForDeploymentPostprocessing = 0;
		};
/* End PBXFrameworksBuildPhase section */

/* Begin PBXGroup section */
		5EB45D681D9AE9E7006B8453 /* Admin */ = {
			isa = PBXGroup;
			children = (
				5EFBBB3B1D947947002D2C7C /* AppDelegate.swift */,
				5E960C301D94820000D2B77D /* Common.swift */,
			);
			name = Admin;
			sourceTree = "<group>";
		};
		5EB45D691D9AE9F7006B8453 /* Swift */ = {
			isa = PBXGroup;
			children = (
				5ED301911D9C17A900260A23 /* SearchCollectionViewCell.swift */,
				5EA5F70A1DA538170039B1B3 /* FeedTableViewCell.swift */,
				5EB45D601D9AE43F006B8453 /* FeedViewController.swift */,
				5EA3D9B21D9A014B008F3810 /* MainViewController.swift */,
				5EB45D641D9AE9C6006B8453 /* ProfileViewController.swift */,
				5EC2C7CC1DA2E8870001FF7B /* CheckInViewController.swift */,
				5EB45D661D9AE9D8006B8453 /* MovieProfileViewController.swift */,
				5EB45D621D9AE97D006B8453 /* SearchViewController.swift */,
				5E8DC1701D9DEB430000489E /* movieStruct.swift */,
			);
			name = Swift;
			sourceTree = "<group>";
		};
		5EFBBB2F1D947947002D2C7C = {
			isa = PBXGroup;
			children = (
				5EFBBB3A1D947947002D2C7C /* Simpson_CodepathProject */,
				5EFBBB4F1D947947002D2C7C /* Simpson_CodepathProjectTests */,
				5EFBBB5A1D947947002D2C7C /* Simpson_CodepathProjectUITests */,
				5EFBBB391D947947002D2C7C /* Products */,
				999C6C63E4319F08EC5E2AB5 /* Pods */,
				8E12FBA99D250AE29A285DB6 /* Frameworks */,
			);
			sourceTree = "<group>";
		};
		5EFBBB391D947947002D2C7C /* Products */ = {
			isa = PBXGroup;
			children = (
				5EFBBB381D947947002D2C7C /* Simpson_CodepathProject.app */,
				5EFBBB4C1D947947002D2C7C /* Simpson_CodepathProjectTests.xctest */,
				5EFBBB571D947947002D2C7C /* Simpson_CodepathProjectUITests.xctest */,
			);
			name = Products;
			sourceTree = "<group>";
		};
		5EFBBB3A1D947947002D2C7C /* Simpson_CodepathProject */ = {
			isa = PBXGroup;
			children = (
				5EB45D681D9AE9E7006B8453 /* Admin */,
				5EB45D691D9AE9F7006B8453 /* Swift */,
				5EA3D9B01D9A00A5008F3810 /* Main.storyboard */,
				5EA5F7081DA46D3B0039B1B3 /* myUsers.swift */,
				5EFBBB421D947947002D2C7C /* Assets.xcassets */,
				5EFBBB441D947947002D2C7C /* LaunchScreen.storyboard */,
				5EFBBB471D947947002D2C7C /* Info.plist */,
				277C45501DA2C8A900B5E343 /* GoogleService-Info.plist */,
			);
			path = Simpson_CodepathProject;
			sourceTree = "<group>";
		};
		5EFBBB4F1D947947002D2C7C /* Simpson_CodepathProjectTests */ = {
			isa = PBXGroup;
			children = (
				5EFBBB501D947947002D2C7C /* Simpson_CodepathProjectTests.swift */,
				5EFBBB521D947947002D2C7C /* Info.plist */,
			);
			path = Simpson_CodepathProjectTests;
			sourceTree = "<group>";
		};
		5EFBBB5A1D947947002D2C7C /* Simpson_CodepathProjectUITests */ = {
			isa = PBXGroup;
			children = (
				5EFBBB5B1D947948002D2C7C /* Simpson_CodepathProjectUITests.swift */,
				5EFBBB5D1D947948002D2C7C /* Info.plist */,
			);
			path = Simpson_CodepathProjectUITests;
			sourceTree = "<group>";
		};
		8E12FBA99D250AE29A285DB6 /* Frameworks */ = {
			isa = PBXGroup;
			children = (
				A4C0633249802DBB38B54344 /* Pods_Simpson_CodepathProject.framework */,
				3998E7D1B1F2F56C05634EBB /* Pods_Simpson_CodepathProjectTests.framework */,
				0DF958FB27E008DB76B36B3C /* Pods_Simpson_CodepathProjectUITests.framework */,
			);
			name = Frameworks;
			sourceTree = "<group>";
		};
		999C6C63E4319F08EC5E2AB5 /* Pods */ = {
			isa = PBXGroup;
			children = (
				B126A810B4616CF9ABA58E7E /* Pods-Simpson_CodepathProject.debug.xcconfig */,
				F0E156F4E30AF7AA7425C2EE /* Pods-Simpson_CodepathProject.release.xcconfig */,
				D79114F73C5D7CDFFCE27AEE /* Pods-Simpson_CodepathProjectTests.debug.xcconfig */,
				F6903558A489EBBA7DD62FA1 /* Pods-Simpson_CodepathProjectTests.release.xcconfig */,
				6DE11270155F14645F2919CA /* Pods-Simpson_CodepathProjectUITests.debug.xcconfig */,
				FB93D876C03FACE373714B3A /* Pods-Simpson_CodepathProjectUITests.release.xcconfig */,
			);
			name = Pods;
			sourceTree = "<group>";
		};
/* End PBXGroup section */

/* Begin PBXNativeTarget section */
		5EFBBB371D947947002D2C7C /* Simpson_CodepathProject */ = {
			isa = PBXNativeTarget;
			buildConfigurationList = 5EFBBB601D947948002D2C7C /* Build configuration list for PBXNativeTarget "Simpson_CodepathProject" */;
			buildPhases = (
				7AE25862B82FD477338DF8A2 /* [CP] Check Pods Manifest.lock */,
				5EFBBB341D947947002D2C7C /* Sources */,
				5EFBBB351D947947002D2C7C /* Frameworks */,
				5EFBBB361D947947002D2C7C /* Resources */,
				3C77EA53BA6902F7FE28CD1A /* [CP] Embed Pods Frameworks */,
				44844E4FA8038AA189F55BA1 /* [CP] Copy Pods Resources */,
			);
			buildRules = (
			);
			dependencies = (
			);
			name = Simpson_CodepathProject;
			productName = Simpson_CodepathProject;
			productReference = 5EFBBB381D947947002D2C7C /* Simpson_CodepathProject.app */;
			productType = "com.apple.product-type.application";
		};
		5EFBBB4B1D947947002D2C7C /* Simpson_CodepathProjectTests */ = {
			isa = PBXNativeTarget;
			buildConfigurationList = 5EFBBB631D947948002D2C7C /* Build configuration list for PBXNativeTarget "Simpson_CodepathProjectTests" */;
			buildPhases = (
				C022A1A7CA88003D8974A495 /* [CP] Check Pods Manifest.lock */,
				5EFBBB481D947947002D2C7C /* Sources */,
				5EFBBB491D947947002D2C7C /* Frameworks */,
				5EFBBB4A1D947947002D2C7C /* Resources */,
				9D3467C3F9C35F8230F2A3B9 /* [CP] Embed Pods Frameworks */,
				F0C923D83F45ABB0D3F061F0 /* [CP] Copy Pods Resources */,
			);
			buildRules = (
			);
			dependencies = (
				5EFBBB4E1D947947002D2C7C /* PBXTargetDependency */,
			);
			name = Simpson_CodepathProjectTests;
			productName = Simpson_CodepathProjectTests;
			productReference = 5EFBBB4C1D947947002D2C7C /* Simpson_CodepathProjectTests.xctest */;
			productType = "com.apple.product-type.bundle.unit-test";
		};
		5EFBBB561D947947002D2C7C /* Simpson_CodepathProjectUITests */ = {
			isa = PBXNativeTarget;
			buildConfigurationList = 5EFBBB661D947948002D2C7C /* Build configuration list for PBXNativeTarget "Simpson_CodepathProjectUITests" */;
			buildPhases = (
				527BC97F4CB36B916D867FA3 /* [CP] Check Pods Manifest.lock */,
				5EFBBB531D947947002D2C7C /* Sources */,
				5EFBBB541D947947002D2C7C /* Frameworks */,
				5EFBBB551D947947002D2C7C /* Resources */,
				9CD92C989BCB7DECD011ED4A /* [CP] Copy Pods Resources */,
			);
			buildRules = (
			);
			dependencies = (
				5EFBBB591D947947002D2C7C /* PBXTargetDependency */,
			);
			name = Simpson_CodepathProjectUITests;
			productName = Simpson_CodepathProjectUITests;
			productReference = 5EFBBB571D947947002D2C7C /* Simpson_CodepathProjectUITests.xctest */;
			productType = "com.apple.product-type.bundle.ui-testing";
		};
/* End PBXNativeTarget section */

/* Begin PBXProject section */
		5EFBBB301D947947002D2C7C /* Project object */ = {
			isa = PBXProject;
			attributes = {
				LastSwiftUpdateCheck = 0730;
				LastUpgradeCheck = 0730;
				ORGANIZATIONNAME = "Simpson, Danielle";
				TargetAttributes = {
					5EFBBB371D947947002D2C7C = {
						CreatedOnToolsVersion = 7.3.1;
					};
					5EFBBB4B1D947947002D2C7C = {
						CreatedOnToolsVersion = 7.3.1;
						TestTargetID = 5EFBBB371D947947002D2C7C;
					};
					5EFBBB561D947947002D2C7C = {
						CreatedOnToolsVersion = 7.3.1;
						TestTargetID = 5EFBBB371D947947002D2C7C;
					};
				};
			};
			buildConfigurationList = 5EFBBB331D947947002D2C7C /* Build configuration list for PBXProject "Simpson_CodepathProject" */;
			compatibilityVersion = "Xcode 3.2";
			developmentRegion = English;
			hasScannedForEncodings = 0;
			knownRegions = (
				en,
				Base,
			);
			mainGroup = 5EFBBB2F1D947947002D2C7C;
			productRefGroup = 5EFBBB391D947947002D2C7C /* Products */;
			projectDirPath = "";
			projectRoot = "";
			targets = (
				5EFBBB371D947947002D2C7C /* Simpson_CodepathProject */,
				5EFBBB4B1D947947002D2C7C /* Simpson_CodepathProjectTests */,
				5EFBBB561D947947002D2C7C /* Simpson_CodepathProjectUITests */,
			);
		};
/* End PBXProject section */

/* Begin PBXResourcesBuildPhase section */
		5EFBBB361D947947002D2C7C /* Resources */ = {
			isa = PBXResourcesBuildPhase;
			buildActionMask = 2147483647;
			files = (
				5EA3D9B11D9A00A5008F3810 /* Main.storyboard in Resources */,
				277C45511DA2C8A900B5E343 /* GoogleService-Info.plist in Resources */,
				5EFBBB461D947947002D2C7C /* LaunchScreen.storyboard in Resources */,
				5EFBBB431D947947002D2C7C /* Assets.xcassets in Resources */,
			);
			runOnlyForDeploymentPostprocessing = 0;
		};
		5EFBBB4A1D947947002D2C7C /* Resources */ = {
			isa = PBXResourcesBuildPhase;
			buildActionMask = 2147483647;
			files = (
				2721E3861DA2F2AF00553A9A /* Main.storyboard in Resources */,
			);
			runOnlyForDeploymentPostprocessing = 0;
		};
		5EFBBB551D947947002D2C7C /* Resources */ = {
			isa = PBXResourcesBuildPhase;
			buildActionMask = 2147483647;
			files = (
			);
			runOnlyForDeploymentPostprocessing = 0;
		};
/* End PBXResourcesBuildPhase section */

/* Begin PBXShellScriptBuildPhase section */
		3C77EA53BA6902F7FE28CD1A /* [CP] Embed Pods Frameworks */ = {
			isa = PBXShellScriptBuildPhase;
			buildActionMask = 2147483647;
			files = (
			);
			inputPaths = (
			);
			name = "[CP] Embed Pods Frameworks";
			outputPaths = (
			);
			runOnlyForDeploymentPostprocessing = 0;
			shellPath = /bin/sh;
			shellScript = "\"${SRCROOT}/Pods/Target Support Files/Pods-Simpson_CodepathProject/Pods-Simpson_CodepathProject-frameworks.sh\"\n";
			showEnvVarsInLog = 0;
		};
		44844E4FA8038AA189F55BA1 /* [CP] Copy Pods Resources */ = {
			isa = PBXShellScriptBuildPhase;
			buildActionMask = 2147483647;
			files = (
			);
			inputPaths = (
			);
			name = "[CP] Copy Pods Resources";
			outputPaths = (
			);
			runOnlyForDeploymentPostprocessing = 0;
			shellPath = /bin/sh;
			shellScript = "\"${SRCROOT}/Pods/Target Support Files/Pods-Simpson_CodepathProject/Pods-Simpson_CodepathProject-resources.sh\"\n";
			showEnvVarsInLog = 0;
		};
		527BC97F4CB36B916D867FA3 /* [CP] Check Pods Manifest.lock */ = {
			isa = PBXShellScriptBuildPhase;
			buildActionMask = 2147483647;
			files = (
			);
			inputPaths = (
			);
			name = "[CP] Check Pods Manifest.lock";
			outputPaths = (
			);
			runOnlyForDeploymentPostprocessing = 0;
			shellPath = /bin/sh;
			shellScript = "diff \"${PODS_ROOT}/../Podfile.lock\" \"${PODS_ROOT}/Manifest.lock\" > /dev/null\nif [[ $? != 0 ]] ; then\n    cat << EOM\nerror: The sandbox is not in sync with the Podfile.lock. Run 'pod install' or update your CocoaPods installation.\nEOM\n    exit 1\nfi\n";
			showEnvVarsInLog = 0;
		};
		7AE25862B82FD477338DF8A2 /* [CP] Check Pods Manifest.lock */ = {
			isa = PBXShellScriptBuildPhase;
			buildActionMask = 2147483647;
			files = (
			);
			inputPaths = (
			);
			name = "[CP] Check Pods Manifest.lock";
			outputPaths = (
			);
			runOnlyForDeploymentPostprocessing = 0;
			shellPath = /bin/sh;
			shellScript = "diff \"${PODS_ROOT}/../Podfile.lock\" \"${PODS_ROOT}/Manifest.lock\" > /dev/null\nif [[ $? != 0 ]] ; then\n    cat << EOM\nerror: The sandbox is not in sync with the Podfile.lock. Run 'pod install' or update your CocoaPods installation.\nEOM\n    exit 1\nfi\n";
			showEnvVarsInLog = 0;
		};
		9CD92C989BCB7DECD011ED4A /* [CP] Copy Pods Resources */ = {
			isa = PBXShellScriptBuildPhase;
			buildActionMask = 2147483647;
			files = (
			);
			inputPaths = (
			);
			name = "[CP] Copy Pods Resources";
			outputPaths = (
			);
			runOnlyForDeploymentPostprocessing = 0;
			shellPath = /bin/sh;
			shellScript = "\"${SRCROOT}/Pods/Target Support Files/Pods-Simpson_CodepathProjectUITests/Pods-Simpson_CodepathProjectUITests-resources.sh\"\n";
			showEnvVarsInLog = 0;
		};
		9D3467C3F9C35F8230F2A3B9 /* [CP] Embed Pods Frameworks */ = {
			isa = PBXShellScriptBuildPhase;
			buildActionMask = 2147483647;
			files = (
			);
			inputPaths = (
			);
			name = "[CP] Embed Pods Frameworks";
			outputPaths = (
			);
			runOnlyForDeploymentPostprocessing = 0;
			shellPath = /bin/sh;
			shellScript = "\"${SRCROOT}/Pods/Target Support Files/Pods-Simpson_CodepathProjectTests/Pods-Simpson_CodepathProjectTests-frameworks.sh\"\n";
			showEnvVarsInLog = 0;
		};
		C022A1A7CA88003D8974A495 /* [CP] Check Pods Manifest.lock */ = {
			isa = PBXShellScriptBuildPhase;
			buildActionMask = 2147483647;
			files = (
			);
			inputPaths = (
			);
			name = "[CP] Check Pods Manifest.lock";
			outputPaths = (
			);
			runOnlyForDeploymentPostprocessing = 0;
			shellPath = /bin/sh;
			shellScript = "diff \"${PODS_ROOT}/../Podfile.lock\" \"${PODS_ROOT}/Manifest.lock\" > /dev/null\nif [[ $? != 0 ]] ; then\n    cat << EOM\nerror: The sandbox is not in sync with the Podfile.lock. Run 'pod install' or update your CocoaPods installation.\nEOM\n    exit 1\nfi\n";
			showEnvVarsInLog = 0;
		};
		F0C923D83F45ABB0D3F061F0 /* [CP] Copy Pods Resources */ = {
			isa = PBXShellScriptBuildPhase;
			buildActionMask = 2147483647;
			files = (
			);
			inputPaths = (
			);
			name = "[CP] Copy Pods Resources";
			outputPaths = (
			);
			runOnlyForDeploymentPostprocessing = 0;
			shellPath = /bin/sh;
			shellScript = "\"${SRCROOT}/Pods/Target Support Files/Pods-Simpson_CodepathProjectTests/Pods-Simpson_CodepathProjectTests-resources.sh\"\n";
			showEnvVarsInLog = 0;
		};
/* End PBXShellScriptBuildPhase section */

/* Begin PBXSourcesBuildPhase section */
		5EFBBB341D947947002D2C7C /* Sources */ = {
			isa = PBXSourcesBuildPhase;
			buildActionMask = 2147483647;
			files = (
				5EB45D651D9AE9C6006B8453 /* ProfileViewController.swift in Sources */,
				5EA5F70B1DA538170039B1B3 /* FeedTableViewCell.swift in Sources */,
				5EB45D631D9AE97D006B8453 /* SearchViewController.swift in Sources */,
				5E960C311D94820000D2B77D /* Common.swift in Sources */,
				5EB45D611D9AE43F006B8453 /* FeedViewController.swift in Sources */,
				5EA5F7091DA46D3B0039B1B3 /* myUsers.swift in Sources */,
				5EC2C7CD1DA2E8870001FF7B /* CheckInViewController.swift in Sources */,
				5EFBBB3C1D947947002D2C7C /* AppDelegate.swift in Sources */,
				5EB45D671D9AE9D8006B8453 /* MovieProfileViewController.swift in Sources */,
				5ED301921D9C17A900260A23 /* SearchCollectionViewCell.swift in Sources */,
				5EA3D9B31D9A014B008F3810 /* MainViewController.swift in Sources */,
				5E8DC1711D9DEB430000489E /* movieStruct.swift in Sources */,
			);
			runOnlyForDeploymentPostprocessing = 0;
		};
		5EFBBB481D947947002D2C7C /* Sources */ = {
			isa = PBXSourcesBuildPhase;
			buildActionMask = 2147483647;
			files = (
				2721E3851DA2EFD400553A9A /* CheckInViewController.swift in Sources */,
				5EFBBB511D947947002D2C7C /* Simpson_CodepathProjectTests.swift in Sources */,
			);
			runOnlyForDeploymentPostprocessing = 0;
		};
		5EFBBB531D947947002D2C7C /* Sources */ = {
			isa = PBXSourcesBuildPhase;
			buildActionMask = 2147483647;
			files = (
				5EFBBB5C1D947948002D2C7C /* Simpson_CodepathProjectUITests.swift in Sources */,
			);
			runOnlyForDeploymentPostprocessing = 0;
		};
/* End PBXSourcesBuildPhase section */

/* Begin PBXTargetDependency section */
		5EFBBB4E1D947947002D2C7C /* PBXTargetDependency */ = {
			isa = PBXTargetDependency;
			target = 5EFBBB371D947947002D2C7C /* Simpson_CodepathProject */;
			targetProxy = 5EFBBB4D1D947947002D2C7C /* PBXContainerItemProxy */;
		};
		5EFBBB591D947947002D2C7C /* PBXTargetDependency */ = {
			isa = PBXTargetDependency;
			target = 5EFBBB371D947947002D2C7C /* Simpson_CodepathProject */;
			targetProxy = 5EFBBB581D947947002D2C7C /* PBXContainerItemProxy */;
		};
/* End PBXTargetDependency section */

/* Begin PBXVariantGroup section */
		5EFBBB441D947947002D2C7C /* LaunchScreen.storyboard */ = {
			isa = PBXVariantGroup;
			children = (
				5EFBBB451D947947002D2C7C /* Base */,
			);
			name = LaunchScreen.storyboard;
			sourceTree = "<group>";
		};
/* End PBXVariantGroup section */

/* Begin XCBuildConfiguration section */
		5EFBBB5E1D947948002D2C7C /* Debug */ = {
			isa = XCBuildConfiguration;
			buildSettings = {
				ALWAYS_SEARCH_USER_PATHS = NO;
				CLANG_ANALYZER_NONNULL = YES;
				CLANG_CXX_LANGUAGE_STANDARD = "gnu++0x";
				CLANG_CXX_LIBRARY = "libc++";
				CLANG_ENABLE_MODULES = YES;
				CLANG_ENABLE_OBJC_ARC = YES;
				CLANG_WARN_BOOL_CONVERSION = YES;
				CLANG_WARN_CONSTANT_CONVERSION = YES;
				CLANG_WARN_DIRECT_OBJC_ISA_USAGE = YES_ERROR;
				CLANG_WARN_EMPTY_BODY = YES;
				CLANG_WARN_ENUM_CONVERSION = YES;
				CLANG_WARN_INT_CONVERSION = YES;
				CLANG_WARN_OBJC_ROOT_CLASS = YES_ERROR;
				CLANG_WARN_UNREACHABLE_CODE = YES;
				CLANG_WARN__DUPLICATE_METHOD_MATCH = YES;
				"CODE_SIGN_IDENTITY[sdk=iphoneos*]" = "iPhone Developer";
				COPY_PHASE_STRIP = NO;
				DEBUG_INFORMATION_FORMAT = dwarf;
				ENABLE_STRICT_OBJC_MSGSEND = YES;
				ENABLE_TESTABILITY = YES;
				GCC_C_LANGUAGE_STANDARD = gnu99;
				GCC_DYNAMIC_NO_PIC = NO;
				GCC_NO_COMMON_BLOCKS = YES;
				GCC_OPTIMIZATION_LEVEL = 0;
				GCC_PREPROCESSOR_DEFINITIONS = (
					"DEBUG=1",
					"$(inherited)",
				);
				GCC_WARN_64_TO_32_BIT_CONVERSION = YES;
				GCC_WARN_ABOUT_RETURN_TYPE = YES_ERROR;
				GCC_WARN_UNDECLARED_SELECTOR = YES;
				GCC_WARN_UNINITIALIZED_AUTOS = YES_AGGRESSIVE;
				GCC_WARN_UNUSED_FUNCTION = YES;
				GCC_WARN_UNUSED_VARIABLE = YES;
				IPHONEOS_DEPLOYMENT_TARGET = 9.3;
				MTL_ENABLE_DEBUG_INFO = YES;
				ONLY_ACTIVE_ARCH = YES;
				SDKROOT = iphoneos;
				SWIFT_OPTIMIZATION_LEVEL = "-Onone";
			};
			name = Debug;
		};
		5EFBBB5F1D947948002D2C7C /* Release */ = {
			isa = XCBuildConfiguration;
			buildSettings = {
				ALWAYS_SEARCH_USER_PATHS = NO;
				CLANG_ANALYZER_NONNULL = YES;
				CLANG_CXX_LANGUAGE_STANDARD = "gnu++0x";
				CLANG_CXX_LIBRARY = "libc++";
				CLANG_ENABLE_MODULES = YES;
				CLANG_ENABLE_OBJC_ARC = YES;
				CLANG_WARN_BOOL_CONVERSION = YES;
				CLANG_WARN_CONSTANT_CONVERSION = YES;
				CLANG_WARN_DIRECT_OBJC_ISA_USAGE = YES_ERROR;
				CLANG_WARN_EMPTY_BODY = YES;
				CLANG_WARN_ENUM_CONVERSION = YES;
				CLANG_WARN_INT_CONVERSION = YES;
				CLANG_WARN_OBJC_ROOT_CLASS = YES_ERROR;
				CLANG_WARN_UNREACHABLE_CODE = YES;
				CLANG_WARN__DUPLICATE_METHOD_MATCH = YES;
				"CODE_SIGN_IDENTITY[sdk=iphoneos*]" = "iPhone Developer";
				COPY_PHASE_STRIP = NO;
				DEBUG_INFORMATION_FORMAT = "dwarf-with-dsym";
				ENABLE_NS_ASSERTIONS = NO;
				ENABLE_STRICT_OBJC_MSGSEND = YES;
				GCC_C_LANGUAGE_STANDARD = gnu99;
				GCC_NO_COMMON_BLOCKS = YES;
				GCC_WARN_64_TO_32_BIT_CONVERSION = YES;
				GCC_WARN_ABOUT_RETURN_TYPE = YES_ERROR;
				GCC_WARN_UNDECLARED_SELECTOR = YES;
				GCC_WARN_UNINITIALIZED_AUTOS = YES_AGGRESSIVE;
				GCC_WARN_UNUSED_FUNCTION = YES;
				GCC_WARN_UNUSED_VARIABLE = YES;
				IPHONEOS_DEPLOYMENT_TARGET = 9.3;
				MTL_ENABLE_DEBUG_INFO = NO;
				SDKROOT = iphoneos;
				VALIDATE_PRODUCT = YES;
			};
			name = Release;
		};
		5EFBBB611D947948002D2C7C /* Debug */ = {
			isa = XCBuildConfiguration;
			baseConfigurationReference = B126A810B4616CF9ABA58E7E /* Pods-Simpson_CodepathProject.debug.xcconfig */;
			buildSettings = {
				ASSETCATALOG_COMPILER_APPICON_NAME = AppIcon;
				INFOPLIST_FILE = Simpson_CodepathProject/Info.plist;
				LD_RUNPATH_SEARCH_PATHS = "$(inherited) @executable_path/Frameworks";
				PRODUCT_BUNDLE_IDENTIFIER = "com.C1.Simpson-CodepathProject";
				PRODUCT_NAME = "$(TARGET_NAME)";
			};
			name = Debug;
		};
		5EFBBB621D947948002D2C7C /* Release */ = {
			isa = XCBuildConfiguration;
			baseConfigurationReference = F0E156F4E30AF7AA7425C2EE /* Pods-Simpson_CodepathProject.release.xcconfig */;
			buildSettings = {
				ASSETCATALOG_COMPILER_APPICON_NAME = AppIcon;
				INFOPLIST_FILE = Simpson_CodepathProject/Info.plist;
				LD_RUNPATH_SEARCH_PATHS = "$(inherited) @executable_path/Frameworks";
				PRODUCT_BUNDLE_IDENTIFIER = "com.C1.Simpson-CodepathProject";
				PRODUCT_NAME = "$(TARGET_NAME)";
			};
			name = Release;
		};
		5EFBBB641D947948002D2C7C /* Debug */ = {
			isa = XCBuildConfiguration;
			baseConfigurationReference = D79114F73C5D7CDFFCE27AEE /* Pods-Simpson_CodepathProjectTests.debug.xcconfig */;
			buildSettings = {
				BUNDLE_LOADER = "$(TEST_HOST)";
				INFOPLIST_FILE = Simpson_CodepathProjectTests/Info.plist;
				LD_RUNPATH_SEARCH_PATHS = "$(inherited) @executable_path/Frameworks @loader_path/Frameworks";
				PRODUCT_BUNDLE_IDENTIFIER = "com.C1.Simpson-CodepathProjectTests";
				PRODUCT_NAME = "$(TARGET_NAME)";
				TEST_HOST = "$(BUILT_PRODUCTS_DIR)/Simpson_CodepathProject.app/Simpson_CodepathProject";
			};
			name = Debug;
		};
		5EFBBB651D947948002D2C7C /* Release */ = {
			isa = XCBuildConfiguration;
			baseConfigurationReference = F6903558A489EBBA7DD62FA1 /* Pods-Simpson_CodepathProjectTests.release.xcconfig */;
			buildSettings = {
				BUNDLE_LOADER = "$(TEST_HOST)";
				INFOPLIST_FILE = Simpson_CodepathProjectTests/Info.plist;
				LD_RUNPATH_SEARCH_PATHS = "$(inherited) @executable_path/Frameworks @loader_path/Frameworks";
				PRODUCT_BUNDLE_IDENTIFIER = "com.C1.Simpson-CodepathProjectTests";
				PRODUCT_NAME = "$(TARGET_NAME)";
				TEST_HOST = "$(BUILT_PRODUCTS_DIR)/Simpson_CodepathProject.app/Simpson_CodepathProject";
			};
			name = Release;
		};
		5EFBBB671D947948002D2C7C /* Debug */ = {
			isa = XCBuildConfiguration;
			baseConfigurationReference = 6DE11270155F14645F2919CA /* Pods-Simpson_CodepathProjectUITests.debug.xcconfig */;
			buildSettings = {
				INFOPLIST_FILE = Simpson_CodepathProjectUITests/Info.plist;
				LD_RUNPATH_SEARCH_PATHS = "$(inherited) @executable_path/Frameworks @loader_path/Frameworks";
				PRODUCT_BUNDLE_IDENTIFIER = "com.C1.Simpson-CodepathProjectUITests";
				PRODUCT_NAME = "$(TARGET_NAME)";
				TEST_TARGET_NAME = Simpson_CodepathProject;
			};
			name = Debug;
		};
		5EFBBB681D947948002D2C7C /* Release */ = {
			isa = XCBuildConfiguration;
			baseConfigurationReference = FB93D876C03FACE373714B3A /* Pods-Simpson_CodepathProjectUITests.release.xcconfig */;
			buildSettings = {
				INFOPLIST_FILE = Simpson_CodepathProjectUITests/Info.plist;
				LD_RUNPATH_SEARCH_PATHS = "$(inherited) @executable_path/Frameworks @loader_path/Frameworks";
				PRODUCT_BUNDLE_IDENTIFIER = "com.C1.Simpson-CodepathProjectUITests";
				PRODUCT_NAME = "$(TARGET_NAME)";
				TEST_TARGET_NAME = Simpson_CodepathProject;
			};
			name = Release;
		};
/* End XCBuildConfiguration section */

/* Begin XCConfigurationList section */
		5EFBBB331D947947002D2C7C /* Build configuration list for PBXProject "Simpson_CodepathProject" */ = {
			isa = XCConfigurationList;
			buildConfigurations = (
				5EFBBB5E1D947948002D2C7C /* Debug */,
				5EFBBB5F1D947948002D2C7C /* Release */,
			);
			defaultConfigurationIsVisible = 0;
			defaultConfigurationName = Release;
		};
		5EFBBB601D947948002D2C7C /* Build configuration list for PBXNativeTarget "Simpson_CodepathProject" */ = {
			isa = XCConfigurationList;
			buildConfigurations = (
				5EFBBB611D947948002D2C7C /* Debug */,
				5EFBBB621D947948002D2C7C /* Release */,
			);
			defaultConfigurationIsVisible = 0;
			defaultConfigurationName = Release;
		};
		5EFBBB631D947948002D2C7C /* Build configuration list for PBXNativeTarget "Simpson_CodepathProjectTests" */ = {
			isa = XCConfigurationList;
			buildConfigurations = (
				5EFBBB641D947948002D2C7C /* Debug */,
				5EFBBB651D947948002D2C7C /* Release */,
			);
			defaultConfigurationIsVisible = 0;
			defaultConfigurationName = Release;
		};
		5EFBBB661D947948002D2C7C /* Build configuration list for PBXNativeTarget "Simpson_CodepathProjectUITests" */ = {
			isa = XCConfigurationList;
			buildConfigurations = (
				5EFBBB671D947948002D2C7C /* Debug */,
				5EFBBB681D947948002D2C7C /* Release */,
			);
			defaultConfigurationIsVisible = 0;
			defaultConfigurationName = Release;
		};
/* End XCConfigurationList section */
	};
	rootObject = 5EFBBB301D947947002D2C7C /* Project object */;
}
